Microsoft Visual Studio Solution File, Format Version 12.00
# Visual Studio Version 17
VisualStudioVersion = 17.5.2.0
MinimumVisualStudioVersion = 10.0.40219.1
Project("{FAE04EC0-301F-11D3-BF4B-00C04F79EFBC}") = "UsersFile", "UsersFile.csproj", "{0FBD7D3D-C3D8-1A6F-A132-0FA0CE7E99A3}"
EndProject
Global
	GlobalSection(SolutionConfigurationPlatforms) = preSolution
		Debug|Any CPU = Debug|Any CPU
		Release|Any CPU = Release|Any CPU
	EndGlobalSection
	GlobalSection(ProjectConfigurationPlatforms) = postSolution
		{0FBD7D3D-C3D8-1A6F-A132-0FA0CE7E99A3}.Debug|Any CPU.ActiveCfg = Debug|Any CPU
		{0FBD7D3D-C3D8-1A6F-A132-0FA0CE7E99A3}.Debug|Any CPU.Build.0 = Debug|Any CPU
		{0FBD7D3D-C3D8-1A6F-A132-0FA0CE7E99A3}.Release|Any CPU.ActiveCfg = Release|Any CPU
		{0FBD7D3D-C3D8-1A6F-A132-0FA0CE7E99A3}.Release|Any CPU.Build.0 = Release|Any CPU
	EndGlobalSection
	GlobalSection(SolutionProperties) = preSolution
		HideSolutionNode = FALSE
	EndGlobalSection
	GlobalSection(ExtensibilityGlobals) = postSolution
		SolutionGuid = {B8C07041-5914-43FD-BF17-D4F1D9B11943}
	EndGlobalSection
EndGlobal
